
Microsoft Visual Studio Solution File, Format Version 12.00
# Visual Studio Version 17
VisualStudioVersion = 17.14.36511.14
MinimumVisualStudioVersion = 10.0.40219.1
Project("{FAE04EC0-301F-11D3-BF4B-00C04F79EFBC}") = "Backend", "Backend\Backend.csproj", "{FCB39A6F-38BC-4487-B320-89596423DB64}"
EndProject
Global
	GlobalSection(SolutionConfigurationPlatforms) = preSolution
		Debug|Any CPU = Debug|Any CPU
		Release|Any CPU = Release|Any CPU
	EndGlobalSection
	GlobalSection(ProjectConfigurationPlatforms) = postSolution
		{FCB39A6F-38BC-4487-B320-89596423DB64}.Debug|Any CPU.ActiveCfg = Debug|Any CPU
		{FCB39A6F-38BC-4487-B320-89596423DB64}.Debug|Any CPU.Build.0 = Debug|Any CPU
		{FCB39A6F-38BC-4487-B320-89596423DB64}.Release|Any CPU.ActiveCfg = Release|Any CPU
		{FCB39A6F-38BC-4487-B320-89596423DB64}.Release|Any CPU.Build.0 = Release|Any CPU
	EndGlobalSection
	GlobalSection(SolutionProperties) = preSolution
		HideSolutionNode = FALSE
	EndGlobalSection
	GlobalSection(ExtensibilityGlobals) = postSolution
		SolutionGuid = {83A89A0E-7FA3-49D2-BEA3-004758C14C61}
	EndGlobalSection
EndGlobal
